
Microsoft Visual Studio Solution File, Format Version 12.00
# Visual Studio Version 16
VisualStudioVersion = 16.0.30804.86
MinimumVisualStudioVersion = 10.0.40219.1
Project("{FAE04EC0-301F-11D3-BF4B-00C04F79EFBC}") = "NetCoreWeb", "NetCoreWeb.csproj", "{3BD81D65-4A2D-4202-B0D5-412E382BB1B4}"
EndProject
Global
	GlobalSection(SolutionConfigurationPlatforms) = preSolution
		Debug|Any CPU = Debug|Any CPU
		Release|Any CPU = Release|Any CPU
	EndGlobalSection
	GlobalSection(ProjectConfigurationPlatforms) = postSolution
		{3BD81D65-4A2D-4202-B0D5-412E382BB1B4}.Debug|Any CPU.ActiveCfg = Debug|Any CPU
		{3BD81D65-4A2D-4202-B0D5-412E382BB1B4}.Debug|Any CPU.Build.0 = Debug|Any CPU
		{3BD81D65-4A2D-4202-B0D5-412E382BB1B4}.Release|Any CPU.ActiveCfg = Release|Any CPU
		{3BD81D65-4A2D-4202-B0D5-412E382BB1B4}.Release|Any CPU.Build.0 = Release|Any CPU
	EndGlobalSection
	GlobalSection(SolutionProperties) = preSolution
		HideSolutionNode = FALSE
	EndGlobalSection
	GlobalSection(ExtensibilityGlobals) = postSolution
		SolutionGuid = {511B4DA5-C0EB-47BE-AEEE-15BD7E0223D8}
	EndGlobalSection
EndGlobal
